github.com/liaozhai/set v0.0.0-20260523143432-431440569dd8 h1:ybDXpiqc+hsjXjZ9GaHtck8TDEDvwXWAvEBLJ+gEMu8=
github.com/liaozhai/set v0.0.0-20260523143432-431440569dd8/go.mod h1:aKrGE9r+lB7PAh8r3Ulq081McL5j2g5DrqHXBhVErEk=
github.com/liaozhai/set v0.0.1 h1:+zJzwwt8uFh3rJKXfqAQoDtvnjkLsflKF2+57WWGRWg=
github.com/liaozhai/set v0.0.1/go.mod h1:YkL3Uy66Os3LqJ0BaAnLBel8L0NSGi0gaL00IATelNI=
